{
  "version": 4,
  "terraform_version": "1.15.0",
  "serial": 1,
  "lineage": "67a9d6b6-a142-b15c-5a90-6e5ec918322a",
  "outputs": {},
  "resources": [
    {
      "mode": "managed",
      "type": "azurerm_resource_group",
      "name": "main",
      "provider": "provider[\"registry.terraform.io/hashicorp/azurerm\"]",
      "instances": [
        {
          "schema_version": 0,
          "attributes": {
            "id": "/subscriptions/839197f6-01f1-45f7-9887-d1216b4a806b/resourceGroups/create-rg-from-terraform",
            "location": "eastus",
            "managed_by": "",
            "name": "create-rg-from-terraform",
            "tags": null,
            "timeouts": null
          },
          "sensitive_attributes": [],
          "identity_schema_version": 0,
          "identity": {
            "name": "create-rg-from-terraform",
            "subscription_id": "839197f6-01f1-45f7-9887-d1216b4a806b"
          },
          "private": "eyJlMmJmYjczMC1lY2FhLTExZTYtOGY4OC0zNDM2M2JjN2M0YzAiOnsiY3JlYXRlIjo1NDAwMDAwMDAwMDAwLCJkZWxldGUiOjU0MDAwMDAwMDAwMDAsInJlYWQiOjMwMDAwMDAwMDAwMCwidXBkYXRlIjo1NDAwMDAwMDAwMDAwfX0="
        }
      ]
    }
  ],
  "check_results": null
}
